// !$*UTF8*$!
{
	archiveVersion = 1;
	classes = {
	};
	objectVersion = 46;
	objects = {

/* Begin PBXBuildFile section */
		0D49D4A116BCE88800F5BBEF /* CardMatchingGame.m in Sources */ = {isa = PBXBuildFile; fileRef = 0D49D4A016BCE88800F5BBEF /* CardMatchingGame.m */; };
		0D85B14E16B469BF00342AA4 /* Card.m in Sources */ = {isa = PBXBuildFile; fileRef = 0D85B14D16B469BF00342AA4 /* Card.m */; };
		0D85B15316B46A3F00342AA4 /* Deck.m in Sources */ = {isa = PBXBuildFile; fileRef = 0D85B15216B46A3F00342AA4 /* Deck.m */; };
		0DCFF79216B461CA00BEDA74 /* UIKit.framework in Frameworks */ = {isa = PBXBuildFile; fileRef = 0DCFF79116B461CA00BEDA74 /* UIKit.framework */; };
		0DCFF79416B461CA00BEDA74 /* Foundation.framework in Frameworks */ = {isa = PBXBuildFile; fileRef = 0DCFF79316B461CA00BEDA74 /* Foundation.framework */; };
		0DCFF79616B461CA00BEDA74 /* CoreGraphics.framework in Frameworks */ = {isa = PBXBuildFile; fileRef = 0DCFF79516B461CA00BEDA74 /* CoreGraphics.framework */; };
		0DCFF79C16B461CA00BEDA74 /* InfoPlist.strings in Resources */ = {isa = PBXBuildFile; fileRef = 0DCFF79A16B461CA00BEDA74 /* InfoPlist.strings */; };
		0DCFF79E16B461CA00BEDA74 /* main.m in Sources */ = {isa = PBXBuildFile; fileRef = 0DCFF79D16B461CA00BEDA74 /* main.m */; };
		0DCFF7A216B461CB00BEDA74 /* CardGameAppDelegate.m in Sources */ = {isa = PBXBuildFile; fileRef = 0DCFF7A116B461CB00BEDA74 /* CardGameAppDelegate.m */; };
		0DCFF7A416B461CB00BEDA74 /* Default.png in Resources */ = {isa = PBXBuildFile; fileRef = 0DCFF7A316B461CB00BEDA74 /* Default.png */; };
		0DCFF7A616B461CB00BEDA74 /* Default@2x.png in Resources */ = {isa = PBXBuildFile; fileRef = 0DCFF7A516B461CB00BEDA74 /* Default@2x.png */; };
		0DCFF7A816B461CB00BEDA74 /* Default-568h@2x.png in Resources */ = {isa = PBXBuildFile; fileRef = 0DCFF7A716B461CB00BEDA74 /* Default-568h@2x.png */; };
		0DCFF7AB16B461CB00BEDA74 /* MainStoryboard.storyboard in Resources */ = {isa = PBXBuildFile; fileRef = 0DCFF7A916B461CB00BEDA74 /* MainStoryboard.storyboard */; };
		0DCFF7AE16B461CB00BEDA74 /* CardGameViewController.m in Sources */ = {isa = PBXBuildFile; fileRef = 0DCFF7AD16B461CB00BEDA74 /* CardGameViewController.m */; };
		0DD551E916B4756500ECC971 /* PlayingCard.m in Sources */ = {isa = PBXBuildFile; fileRef = 0DD551E816B4756500ECC971 /* PlayingCard.m */; };
		0DD551ED16B47CEF00ECC971 /* PlayingCardDeck.m in Sources */ = {isa = PBXBuildFile; fileRef = 0DD551EC16B47CEF00ECC971 /* PlayingCardDeck.m */; };
/* End PBXBuildFile section */

/* Begin PBXFileReference section */
		0D49D49F16BCE88800F5BBEF /* CardMatchingGame.h */ = {isa = PBXFileReference; fileEncoding = 4; lastKnownFileType = sourcecode.c.h; name = CardMatchingGame.h; path = Model/CardMatchingGame.h; sourceTree = "<group>"; };
		0D49D4A016BCE88800F5BBEF /* CardMatchingGame.m */ = {isa = PBXFileReference; fileEncoding = 4; lastKnownFileType = sourcecode.c.objc; name = CardMatchingGame.m; path = Model/CardMatchingGame.m; sourceTree = "<group>"; };
		0D85B14C16B469BF00342AA4 /* Card.h */ = {isa = PBXFileReference; fileEncoding = 4; lastKnownFileType = sourcecode.c.h; name = Card.h; path = Model/Card.h; sourceTree = "<group>"; };
		0D85B14D16B469BF00342AA4 /* Card.m */ = {isa = PBXFileReference; fileEncoding = 4; lastKnownFileType = sourcecode.c.objc; name = Card.m; path = Model/Card.m; sourceTree = "<group>"; };
		0D85B15116B46A3F00342AA4 /* Deck.h */ = {isa = PBXFileReference; fileEncoding = 4; lastKnownFileType = sourcecode.c.h; name = Deck.h; path = Model/Deck.h; sourceTree = "<group>"; };
		0D85B15216B46A3F00342AA4 /* Deck.m */ = {isa = PBXFileReference; fileEncoding = 4; lastKnownFileType = sourcecode.c.objc; name = Deck.m; path = Model/Deck.m; sourceTree = "<group>"; };
		0DCFF78D16B461CA00BEDA74 /* Matchismo.app */ = {isa = PBXFileReference; explicitFileType = wrapper.application; includeInIndex = 0; path = Matchismo.app; sourceTree = BUILT_PRODUCTS_DIR; };
		0DCFF79116B461CA00BEDA74 /* UIKit.framework */ = {isa = PBXFileReference; lastKnownFileType = wrapper.framework; name = UIKit.framework; path = System/Library/Frameworks/UIKit.framework; sourceTree = SDKROOT; };
		0DCFF79316B461CA00BEDA74 /* Foundation.framework */ = {isa = PBXFileReference; lastKnownFileType = wrapper.framework; name = Foundation.framework; path = System/Library/Frameworks/Foundation.framework; sourceTree = SDKROOT; };
		0DCFF79516B461CA00BEDA74 /* CoreGraphics.framework */ = {isa = PBXFileReference; lastKnownFileType = wrapper.framework; name = CoreGraphics.framework; path = System/Library/Frameworks/CoreGraphics.framework; sourceTree = SDKROOT; };
		0DCFF79916B461CA00BEDA74 /* Matchismo-Info.plist */ = {isa = PBXFileReference; lastKnownFileType = text.plist.xml; path = "Matchismo-Info.plist"; sourceTree = "<group>"; };
		0DCFF79B16B461CA00BEDA74 /* en */ = {isa = PBXFileReference; lastKnownFileType = text.plist.strings; name = en; path = en.lproj/InfoPlist.strings; sourceTree = "<group>"; };
		0DCFF79D16B461CA00BEDA74 /* main.m */ = {isa = PBXFileReference; lastKnownFileType = sourcecode.c.objc; path = main.m; sourceTree = "<group>"; };
		0DCFF79F16B461CA00BEDA74 /* Matchismo-Prefix.pch */ = {isa = PBXFileReference; lastKnownFileType = sourcecode.c.h; path = "Matchismo-Prefix.pch"; sourceTree = "<group>"; };
		0DCFF7A016B461CA00BEDA74 /* CardGameAppDelegate.h */ = {isa = PBXFileReference; lastKnownFileType = sourcecode.c.h; path = CardGameAppDelegate.h; sourceTree = "<group>"; };
		0DCFF7A116B461CB00BEDA74 /* CardGameAppDelegate.m */ = {isa = PBXFileReference; lastKnownFileType = sourcecode.c.objc; path = CardGameAppDelegate.m; sourceTree = "<group>"; };
		0DCFF7A316B461CB00BEDA74 /* Default.png */ = {isa = PBXFileReference; lastKnownFileType = image.png; path = Default.png; sourceTree = "<group>"; };
		0DCFF7A516B461CB00BEDA74 /* Default@2x.png */ = {isa = PBXFileReference; lastKnownFileType = image.png; path = "Default@2x.png"; sourceTree = "<group>"; };
		0DCFF7A716B461CB00BEDA74 /* Default-568h@2x.png */ = {isa = PBXFileReference; lastKnownFileType = image.png; path = "Default-568h@2x.png"; sourceTree = "<group>"; };
		0DCFF7AA16B461CB00BEDA74 /* en */ = {isa = PBXFileReference; lastKnownFileType = file.storyboard; name = en; path = en.lproj/MainStoryboard.storyboard; sourceTree = "<group>"; };
		0DCFF7AC16B461CB00BEDA74 /* CardGameViewController.h */ = {isa = PBXFileReference; lastKnownFileType = sourcecode.c.h; path = CardGameViewController.h; sourceTree = "<group>"; };
		0DCFF7AD16B461CB00BEDA74 /* CardGameViewController.m */ = {isa = PBXFileReference; lastKnownFileType = sourcecode.c.objc; path = CardGameViewController.m; sourceTree = "<group>"; };
		0DD551E716B4756500ECC971 /* PlayingCard.h */ = {isa = PBXFileReference; fileEncoding = 4; lastKnownFileType = sourcecode.c.h; name = PlayingCard.h; path = Model/PlayingCard.h; sourceTree = "<group>"; };
		0DD551E816B4756500ECC971 /* PlayingCard.m */ = {isa = PBXFileReference; fileEncoding = 4; lastKnownFileType = sourcecode.c.objc; name = PlayingCard.m; path = Model/PlayingCard.m; sourceTree = "<group>"; };
		0DD551EB16B47CEF00ECC971 /* PlayingCardDeck.h */ = {isa = PBXFileReference; fileEncoding = 4; lastKnownFileType = sourcecode.c.h; name = PlayingCardDeck.h; path = Model/PlayingCardDeck.h; sourceTree = "<group>"; };
		0DD551EC16B47CEF00ECC971 /* PlayingCardDeck.m */ = {isa = PBXFileReference; fileEncoding = 4; lastKnownFileType = sourcecode.c.objc; name = PlayingCardDeck.m; path = Model/PlayingCardDeck.m; sourceTree = "<group>"; };
/* End PBXFileReference section */

/* Begin PBXFrameworksBuildPhase section */
		0DCFF78A16B461CA00BEDA74 /* Frameworks */ = {
			isa = PBXFrameworksBuildPhase;
			buildActionMask = 2147483647;
			files = (
				0DCFF79216B461CA00BEDA74 /* UIKit.framework in Frameworks */,
				0DCFF79416B461CA00BEDA74 /* Foundation.framework in Frameworks */,
				0DCFF79616B461CA00BEDA74 /* CoreGraphics.framework in Frameworks */,
			);
			runOnlyForDeploymentPostprocessing = 0;
		};
/* End PBXFrameworksBuildPhase section */

/* Begin PBXGroup section */
		0D85B15016B469CA00342AA4 /* Model */ = {
			isa = PBXGroup;
			children = (
				0D85B14C16B469BF00342AA4 /* Card.h */,
				0D85B14D16B469BF00342AA4 /* Card.m */,
				0D49D49F16BCE88800F5BBEF /* CardMatchingGame.h */,
				0D49D4A016BCE88800F5BBEF /* CardMatchingGame.m */,
				0D85B15116B46A3F00342AA4 /* Deck.h */,
				0D85B15216B46A3F00342AA4 /* Deck.m */,
				0DD551E716B4756500ECC971 /* PlayingCard.h */,
				0DD551E816B4756500ECC971 /* PlayingCard.m */,
				0DD551EB16B47CEF00ECC971 /* PlayingCardDeck.h */,
				0DD551EC16B47CEF00ECC971 /* PlayingCardDeck.m */,
			);
			name = Model;
			sourceTree = "<group>";
		};
		0DCFF78216B461CA00BEDA74 = {
			isa = PBXGroup;
			children = (
				0DCFF79716B461CA00BEDA74 /* Matchismo */,
				0DCFF79016B461CA00BEDA74 /* Frameworks */,
				0DCFF78E16B461CA00BEDA74 /* Products */,
			);
			sourceTree = "<group>";
		};
		0DCFF78E16B461CA00BEDA74 /* Products */ = {
			isa = PBXGroup;
			children = (
				0DCFF78D16B461CA00BEDA74 /* Matchismo.app */,
			);
			name = Products;
			sourceTree = "<group>";
		};
		0DCFF79016B461CA00BEDA74 /* Frameworks */ = {
			isa = PBXGroup;
			children = (
				0DCFF79116B461CA00BEDA74 /* UIKit.framework */,
				0DCFF79316B461CA00BEDA74 /* Foundation.framework */,
				0DCFF79516B461CA00BEDA74 /* CoreGraphics.framework */,
			);
			name = Frameworks;
			sourceTree = "<group>";
		};
		0DCFF79716B461CA00BEDA74 /* Matchismo */ = {
			isa = PBXGroup;
			children = (
				0D85B15016B469CA00342AA4 /* Model */,
				0DCFF7A916B461CB00BEDA74 /* MainStoryboard.storyboard */,
				0DCFF7AC16B461CB00BEDA74 /* CardGameViewController.h */,
				0DCFF7AD16B461CB00BEDA74 /* CardGameViewController.m */,
				0DCFF79816B461CA00BEDA74 /* Supporting Files */,
			);
			path = Matchismo;
			sourceTree = "<group>";
		};
		0DCFF79816B461CA00BEDA74 /* Supporting Files */ = {
			isa = PBXGroup;
			children = (
				0DCFF7A016B461CA00BEDA74 /* CardGameAppDelegate.h */,
				0DCFF7A116B461CB00BEDA74 /* CardGameAppDelegate.m */,
				0DCFF79916B461CA00BEDA74 /* Matchismo-Info.plist */,
				0DCFF79A16B461CA00BEDA74 /* InfoPlist.strings */,
				0DCFF79D16B461CA00BEDA74 /* main.m */,
				0DCFF79F16B461CA00BEDA74 /* Matchismo-Prefix.pch */,
				0DCFF7A316B461CB00BEDA74 /* Default.png */,
				0DCFF7A516B461CB00BEDA74 /* Default@2x.png */,
				0DCFF7A716B461CB00BEDA74 /* Default-568h@2x.png */,
			);
			name = "Supporting Files";
			sourceTree = "<group>";
		};
/* End PBXGroup section */

/* Begin PBXNativeTarget section */
		0DCFF78C16B461CA00BEDA74 /* Matchismo */ = {
			isa = PBXNativeTarget;
			buildConfigurationList = 0DCFF7B116B461CB00BEDA74 /* Build configuration list for PBXNativeTarget "Matchismo" */;
			buildPhases = (
				0DCFF78916B461CA00BEDA74 /* Sources */,
				0DCFF78A16B461CA00BEDA74 /* Frameworks */,
				0DCFF78B16B461CA00BEDA74 /* Resources */,
			);
			buildRules = (
			);
			dependencies = (
			);
			name = Matchismo;
			productName = Matchismo;
			productReference = 0DCFF78D16B461CA00BEDA74 /* Matchismo.app */;
			productType = "com.apple.product-type.application";
		};
/* End PBXNativeTarget section */

/* Begin PBXProject section */
		0DCFF78416B461CA00BEDA74 /* Project object */ = {
			isa = PBXProject;
			attributes = {
				CLASSPREFIX = CardGame;
				LastUpgradeCheck = 0450;
				ORGANIZATIONNAME = "Venerable, Inc";
			};
			buildConfigurationList = 0DCFF78716B461CA00BEDA74 /* Build configuration list for PBXProject "Matchismo" */;
			compatibilityVersion = "Xcode 3.2";
			developmentRegion = English;
			hasScannedForEncodings = 0;
			knownRegions = (
				en,
			);
			mainGroup = 0DCFF78216B461CA00BEDA74;
			productRefGroup = 0DCFF78E16B461CA00BEDA74 /* Products */;
			projectDirPath = "";
			projectRoot = "";
			targets = (
				0DCFF78C16B461CA00BEDA74 /* Matchismo */,
			);
		};
/* End PBXProject section */

/* Begin PBXResourcesBuildPhase section */
		0DCFF78B16B461CA00BEDA74 /* Resources */ = {
			isa = PBXResourcesBuildPhase;
			buildActionMask = 2147483647;
			files = (
				0DCFF79C16B461CA00BEDA74 /* InfoPlist.strings in Resources */,
				0DCFF7A416B461CB00BEDA74 /* Default.png in Resources */,
				0DCFF7A616B461CB00BEDA74 /* Default@2x.png in Resources */,
				0DCFF7A816B461CB00BEDA74 /* Default-568h@2x.png in Resources */,
				0DCFF7AB16B461CB00BEDA74 /* MainStoryboard.storyboard in Resources */,
			);
			runOnlyForDeploymentPostprocessing = 0;
		};
/* End PBXResourcesBuildPhase section */

/* Begin PBXSourcesBuildPhase section */
		0DCFF78916B461CA00BEDA74 /* Sources */ = {
			isa = PBXSourcesBuildPhase;
			buildActionMask = 2147483647;
			files = (
				0DCFF79E16B461CA00BEDA74 /* main.m in Sources */,
				0DCFF7A216B461CB00BEDA74 /* CardGameAppDelegate.m in Sources */,
				0DCFF7AE16B461CB00BEDA74 /* CardGameViewController.m in Sources */,
				0D85B14E16B469BF00342AA4 /* Card.m in Sources */,
				0D85B15316B46A3F00342AA4 /* Deck.m in Sources */,
				0DD551E916B4756500ECC971 /* PlayingCard.m in Sources */,
				0DD551ED16B47CEF00ECC971 /* PlayingCardDeck.m in Sources */,
				0D49D4A116BCE88800F5BBEF /* CardMatchingGame.m in Sources */,
			);
			runOnlyForDeploymentPostprocessing = 0;
		};
/* End PBXSourcesBuildPhase section */

/* Begin PBXVariantGroup section */
		0DCFF79A16B461CA00BEDA74 /* InfoPlist.strings */ = {
			isa = PBXVariantGroup;
			children = (
				0DCFF79B16B461CA00BEDA74 /* en */,
			);
			name = InfoPlist.strings;
			sourceTree = "<group>";
		};
		0DCFF7A916B461CB00BEDA74 /* MainStoryboard.storyboard */ = {
			isa = PBXVariantGroup;
			children = (
				0DCFF7AA16B461CB00BEDA74 /* en */,
			);
			name = MainStoryboard.storyboard;
			sourceTree = "<group>";
		};
/* End PBXVariantGroup section */

/* Begin XCBuildConfiguration section */
		0DCFF7AF16B461CB00BEDA74 /* Debug */ = {
			isa = XCBuildConfiguration;
			buildSettings = {
				ALWAYS_SEARCH_USER_PATHS = NO;
				CLANG_CXX_LANGUAGE_STANDARD = "gnu++0x";
				CLANG_CXX_LIBRARY = "libc++";
				CLANG_ENABLE_OBJC_ARC = YES;
				CLANG_WARN_EMPTY_BODY = YES;
				CLANG_WARN__DUPLICATE_METHOD_MATCH = YES;
				"CODE_SIGN_IDENTITY[sdk=iphoneos*]" = "iPhone Developer";
				COPY_PHASE_STRIP = NO;
				GCC_C_LANGUAGE_STANDARD = gnu99;
				GCC_DYNAMIC_NO_PIC = NO;
				GCC_OPTIMIZATION_LEVEL = 0;
				GCC_PREPROCESSOR_DEFINITIONS = (
					"DEBUG=1",
					"$(inherited)",
				);
				GCC_SYMBOLS_PRIVATE_EXTERN = NO;
				GCC_WARN_ABOUT_RETURN_TYPE = YES;
				GCC_WARN_UNINITIALIZED_AUTOS = YES;
				GCC_WARN_UNUSED_VARIABLE = YES;
				IPHONEOS_DEPLOYMENT_TARGET = 6.0;
				ONLY_ACTIVE_ARCH = YES;
				SDKROOT = iphoneos;
			};
			name = Debug;
		};
		0DCFF7B016B461CB00BEDA74 /* Release */ = {
			isa = XCBuildConfiguration;
			buildSettings = {
				ALWAYS_SEARCH_USER_PATHS = NO;
				CLANG_CXX_LANGUAGE_STANDARD = "gnu++0x";
				CLANG_CXX_LIBRARY = "libc++";
				CLANG_ENABLE_OBJC_ARC = YES;
				CLANG_WARN_EMPTY_BODY = YES;
				CLANG_WARN__DUPLICATE_METHOD_MATCH = YES;
				"CODE_SIGN_IDENTITY[sdk=iphoneos*]" = "iPhone Developer";
				COPY_PHASE_STRIP = YES;
				GCC_C_LANGUAGE_STANDARD = gnu99;
				GCC_WARN_ABOUT_RETURN_TYPE = YES;
				GCC_WARN_UNINITIALIZED_AUTOS = YES;
				GCC_WARN_UNUSED_VARIABLE = YES;
				IPHONEOS_DEPLOYMENT_TARGET = 6.0;
				OTHER_CFLAGS = "-DNS_BLOCK_ASSERTIONS=1";
				SDKROOT = iphoneos;
				VALIDATE_PRODUCT = YES;
			};
			name = Release;
		};
		0DCFF7B216B461CB00BEDA74 /* Debug */ = {
			isa = XCBuildConfiguration;
			buildSettings = {
				GCC_PRECOMPILE_PREFIX_HEADER = YES;
				GCC_PREFIX_HEADER = "Matchismo/Matchismo-Prefix.pch";
				INFOPLIST_FILE = "Matchismo/Matchismo-Info.plist";
				PRODUCT_NAME = "$(TARGET_NAME)";
				WRAPPER_EXTENSION = app;
			};
			name = Debug;
		};
		0DCFF7B316B461CB00BEDA74 /* Release */ = {
			isa = XCBuildConfiguration;
			buildSettings = {
				GCC_PRECOMPILE_PREFIX_HEADER = YES;
				GCC_PREFIX_HEADER = "Matchismo/Matchismo-Prefix.pch";
				INFOPLIST_FILE = "Matchismo/Matchismo-Info.plist";
				PRODUCT_NAME = "$(TARGET_NAME)";
				WRAPPER_EXTENSION = app;
			};
			name = Release;
		};
/* End XCBuildConfiguration section */

/* Begin XCConfigurationList section */
		0DCFF78716B461CA00BEDA74 /* Build configuration list for PBXProject "Matchismo" */ = {
			isa = XCConfigurationList;
			buildConfigurations = (
				0DCFF7AF16B461CB00BEDA74 /* Debug */,
				0DCFF7B016B461CB00BEDA74 /* Release */,
			);
			defaultConfigurationIsVisible = 0;
			defaultConfigurationName = Release;
		};
		0DCFF7B116B461CB00BEDA74 /* Build configuration list for PBXNativeTarget "Matchismo" */ = {
			isa = XCConfigurationList;
			buildConfigurations = (
				0DCFF7B216B461CB00BEDA74 /* Debug */,
				0DCFF7B316B461CB00BEDA74 /* Release */,
			);
			defaultConfigurationIsVisible = 0;
			defaultConfigurationName = Release;
		};
/* End XCConfigurationList section */
	};
	rootObject = 0DCFF78416B461CA00BEDA74 /* Project object */;
}
